{
  "originHash" : "58ccdd5023ac1633528ee1062d3ff612420a05be61e2d127a6a236f1e244b08f",
  "pins" : [
    {
      "identity" : "rxauthswift",
      "kind" : "remoteSourceControl",
      "location" : "https://github.com/rxtech-lab/RxAuthSwift.git",
      "state" : {
        "revision" : "62b8cbbbbd93c58c5973a37ce2f03b015c8ed312",
        "version" : "1.0.2"
      }
    },
    {
      "identity" : "swift-log",
      "kind" : "remoteSourceControl",
      "location" : "https://github.com/apple/swift-log.git",
      "state" : {
        "revision" : "2778fd4e5a12a8aaa30a3ee8285f4ce54c5f3181",
        "version" : "1.9.1"
      }
    }
  ],
  "version" : 3
}
